// !$*UTF8*$!
{
	archiveVersion = 1;
	classes = {
	};
	objectVersion = 77;
	objects = {

/* Begin PBXBuildFile section */
		121857512E6BE73F00088A62 /* RuckTracker Watch App.app in Embed Watch Content */ = {isa = PBXBuildFile; fileRef = 121857502E6BE73F00088A62 /* RuckTracker Watch App.app */; settings = {ATTRIBUTES = (RemoveHeadersOnCopy, ); }; };
/* End PBXBuildFile section */

/* Begin PBXContainerItemProxy section */
		1218573B2E6BE73F00088A62 /* PBXContainerItemProxy */ = {
			isa = PBXContainerItemProxy;
			containerPortal = 121857252E6BE73C00088A62 /* Project object */;
			proxyType = 1;
			remoteGlobalIDString = 1218572C2E6BE73D00088A62;
			remoteInfo = RuckTracker;
		};
		121857452E6BE73F00088A62 /* PBXContainerItemProxy */ = {
			isa = PBXContainerItemProxy;
			containerPortal = 121857252E6BE73C00088A62 /* Project object */;
			proxyType = 1;
			remoteGlobalIDString = 1218572C2E6BE73D00088A62;
			remoteInfo = RuckTracker;
		};
		121857522E6BE73F00088A62 /* PBXContainerItemProxy */ = {
			isa = PBXContainerItemProxy;
			containerPortal = 121857252E6BE73C00088A62 /* Project object */;
			proxyType = 1;
			remoteGlobalIDString = 1218574F2E6BE73F00088A62;
			remoteInfo = "RuckTracker Watch App";
		};
		121857602E6BE74000088A62 /* PBXContainerItemProxy */ = {
			isa = PBXContainerItemProxy;
			containerPortal = 121857252E6BE73C00088A62 /* Project object */;
			proxyType = 1;
			remoteGlobalIDString = 1218574F2E6BE73F00088A62;
			remoteInfo = "RuckTracker Watch App";
		};
		1218576A2E6BE74000088A62 /* PBXContainerItemProxy */ = {
			isa = PBXContainerItemProxy;
			containerPortal = 121857252E6BE73C00088A62 /* Project object */;
			proxyType = 1;
			remoteGlobalIDString = 1218574F2E6BE73F00088A62;
			remoteInfo = "RuckTracker Watch App";
		};
		121857F62E6FF0AB00088A62 /* PBXContainerItemProxy */ = {
			isa = PBXContainerItemProxy;
			containerPortal = 121857252E6BE73C00088A62 /* Project object */;
			proxyType = 1;
			remoteGlobalIDString = 121857E52E6FF0A900088A62;
			remoteInfo = "RuckTrackerTest Watch App";
		};
		121858002E6FF0AB00088A62 /* PBXContainerItemProxy */ = {
			isa = PBXContainerItemProxy;
			containerPortal = 121857252E6BE73C00088A62 /* Project object */;
			proxyType = 1;
			remoteGlobalIDString = 121857E52E6FF0A900088A62;
			remoteInfo = "RuckTrackerTest Watch App";
		};
/* End PBXContainerItemProxy section */

/* Begin PBXCopyFilesBuildPhase section */
		121857762E6BE74000088A62 /* Embed Watch Content */ = {
			isa = PBXCopyFilesBuildPhase;
			buildActionMask = 2147483647;
			dstPath = "$(CONTENTS_FOLDER_PATH)/Watch";
			dstSubfolderSpec = 16;
			files = (
				121857512E6BE73F00088A62 /* RuckTracker Watch App.app in Embed Watch Content */,
			);
			name = "Embed Watch Content";
			runOnlyForDeploymentPostprocessing = 0;
		};
/* End PBXCopyFilesBuildPhase section */

/* Begin PBXFileReference section */
		1218572D2E6BE73D00088A62 /* RuckTracker.app */ = {isa = PBXFileReference; explicitFileType = wrapper.application; includeInIndex = 0; path = RuckTracker.app; sourceTree = BUILT_PRODUCTS_DIR; };
		1218573A2E6BE73F00088A62 /* RuckTrackerTests.xctest */ = {isa = PBXFileReference; explicitFileType = wrapper.cfbundle; includeInIndex = 0; path = RuckTrackerTests.xctest; sourceTree = BUILT_PRODUCTS_DIR; };
		121857442E6BE73F00088A62 /* RuckTrackerUITests.xctest */ = {isa = PBXFileReference; explicitFileType = wrapper.cfbundle; includeInIndex = 0; path = RuckTrackerUITests.xctest; sourceTree = BUILT_PRODUCTS_DIR; };
		121857502E6BE73F00088A62 /* RuckTracker Watch App.app */ = {isa = PBXFileReference; explicitFileType = wrapper.application; includeInIndex = 0; path = "RuckTracker Watch App.app"; sourceTree = BUILT_PRODUCTS_DIR; };
		1218575F2E6BE74000088A62 /* RuckTracker Watch AppTests.xctest */ = {isa = PBXFileReference; explicitFileType = wrapper.cfbundle; includeInIndex = 0; path = "RuckTracker Watch AppTests.xctest"; sourceTree = BUILT_PRODUCTS_DIR; };
		121857692E6BE74000088A62 /* RuckTracker Watch AppUITests.xctest */ = {isa = PBXFileReference; explicitFileType = wrapper.cfbundle; includeInIndex = 0; path = "RuckTracker Watch AppUITests.xctest"; sourceTree = BUILT_PRODUCTS_DIR; };
		121857D02E6FF0A900088A62 /* RuckTrackerTestTests.xctest */ = {isa = PBXFileReference; explicitFileType = wrapper.cfbundle; includeInIndex = 0; path = RuckTrackerTestTests.xctest; sourceTree = BUILT_PRODUCTS_DIR; };
		121857DA2E6FF0A900088A62 /* RuckTrackerTestUITests.xctest */ = {isa = PBXFileReference; explicitFileType = wrapper.cfbundle; includeInIndex = 0; path = RuckTrackerTestUITests.xctest; sourceTree = BUILT_PRODUCTS_DIR; };
		121857E62E6FF0A900088A62 /* RuckTrackerTest Watch App.app */ = {isa = PBXFileReference; explicitFileType = wrapper.application; includeInIndex = 0; path = "RuckTrackerTest Watch App.app"; sourceTree = BUILT_PRODUCTS_DIR; };
		121857F52E6FF0AB00088A62 /* RuckTrackerTest Watch AppTests.xctest */ = {isa = PBXFileReference; explicitFileType = wrapper.cfbundle; includeInIndex = 0; path = "RuckTrackerTest Watch AppTests.xctest"; sourceTree = BUILT_PRODUCTS_DIR; };
		121857FF2E6FF0AB00088A62 /* RuckTrackerTest Watch AppUITests.xctest */ = {isa = PBXFileReference; explicitFileType = wrapper.cfbundle; includeInIndex = 0; path = "RuckTrackerTest Watch AppUITests.xctest"; sourceTree = BUILT_PRODUCTS_DIR; };
/* End PBXFileReference section */

/* Begin PBXFileSystemSynchronizedBuildFileExceptionSet section */
		121857BE2E6FD69E00088A62 /* Exceptions for "RuckTracker" folder in "RuckTracker Watch App" target */ = {
			isa = PBXFileSystemSynchronizedBuildFileExceptionSet;
			membershipExceptions = (
				CalorieCalculator.swift,
				UserSettings.swift,
			);
			target = 1218574F2E6BE73F00088A62 /* RuckTracker Watch App */;
		};
/* End PBXFileSystemSynchronizedBuildFileExceptionSet section */

/* Begin PBXFileSystemSynchronizedRootGroup section */
		1218572F2E6BE73D00088A62 /* RuckTracker */ = {
			isa = PBXFileSystemSynchronizedRootGroup;
			exceptions = (
				121857BE2E6FD69E00088A62 /* Exceptions for "RuckTracker" folder in "RuckTracker Watch App" target */,
			);
			path = RuckTracker;
			sourceTree = "<group>";
		};
		1218573D2E6BE73F00088A62 /* RuckTrackerTests */ = {
			isa = PBXFileSystemSynchronizedRootGroup;
			path = RuckTrackerTests;
			sourceTree = "<group>";
		};
		121857472E6BE73F00088A62 /* RuckTrackerUITests */ = {
			isa = PBXFileSystemSynchronizedRootGroup;
			path = RuckTrackerUITests;
			sourceTree = "<group>";
		};
		121857542E6BE73F00088A62 /* RuckTracker Watch App */ = {
			isa = PBXFileSystemSynchronizedRootGroup;
			path = "RuckTracker Watch App";
			sourceTree = "<group>";
		};
		121857622E6BE74000088A62 /* RuckTracker Watch AppTests */ = {
			isa = PBXFileSystemSynchronizedRootGroup;
			path = "RuckTracker Watch AppTests";
			sourceTree = "<group>";
		};
		1218576C2E6BE74000088A62 /* RuckTracker Watch AppUITests */ = {
			isa = PBXFileSystemSynchronizedRootGroup;
			path = "RuckTracker Watch AppUITests";
			sourceTree = "<group>";
		};
		121857C52E6FF0A700088A62 /* RuckTrackerTest */ = {
			isa = PBXFileSystemSynchronizedRootGroup;
			path = RuckTrackerTest;
			sourceTree = "<group>";
		};
		121857D32E6FF0A900088A62 /* RuckTrackerTestTests */ = {
			isa = PBXFileSystemSynchronizedRootGroup;
			path = RuckTrackerTestTests;
			sourceTree = "<group>";
		};
		121857DD2E6FF0A900088A62 /* RuckTrackerTestUITests */ = {
			isa = PBXFileSystemSynchronizedRootGroup;
			path = RuckTrackerTestUITests;
			sourceTree = "<group>";
		};
		121857EA2E6FF0A900088A62 /* RuckTrackerTest Watch App */ = {
			isa = PBXFileSystemSynchronizedRootGroup;
			path = "RuckTrackerTest Watch App";
			sourceTree = "<group>";
		};
		121857F82E6FF0AB00088A62 /* RuckTrackerTest Watch AppTests */ = {
			isa = PBXFileSystemSynchronizedRootGroup;
			path = "RuckTrackerTest Watch AppTests";
			sourceTree = "<group>";
		};
		121858022E6FF0AB00088A62 /* RuckTrackerTest Watch AppUITests */ = {
			isa = PBXFileSystemSynchronizedRootGroup;
			path = "RuckTrackerTest Watch AppUITests";
			sourceTree = "<group>";
		};
/* End PBXFileSystemSynchronizedRootGroup section */

/* Begin PBXFrameworksBuildPhase section */
		1218572A2E6BE73D00088A62 /* Frameworks */ = {
			isa = PBXFrameworksBuildPhase;
			buildActionMask = 2147483647;
			files = (
			);
			runOnlyForDeploymentPostprocessing = 0;
		};
		121857372E6BE73F00088A62 /* Frameworks */ = {
			isa = PBXFrameworksBuildPhase;
			buildActionMask = 2147483647;
			files = (
			);
			runOnlyForDeploymentPostprocessing = 0;
		};
		121857412E6BE73F00088A62 /* Frameworks */ = {
			isa = PBXFrameworksBuildPhase;
			buildActionMask = 2147483647;
			files = (
			);
			runOnlyForDeploymentPostprocessing = 0;
		};
		1218574D2E6BE73F00088A62 /* Frameworks */ = {
			isa = PBXFrameworksBuildPhase;
			buildActionMask = 2147483647;
			files = (
			);
			runOnlyForDeploymentPostprocessing = 0;
		};
		1218575C2E6BE74000088A62 /* Frameworks */ = {
			isa = PBXFrameworksBuildPhase;
			buildActionMask = 2147483647;
			files = (
			);
			runOnlyForDeploymentPostprocessing = 0;
		};
		121857662E6BE74000088A62 /* Frameworks */ = {
			isa = PBXFrameworksBuildPhase;
			buildActionMask = 2147483647;
			files = (
			);
			runOnlyForDeploymentPostprocessing = 0;
		};
		121857CD2E6FF0A900088A62 /* Frameworks */ = {
			isa = PBXFrameworksBuildPhase;
			buildActionMask = 2147483647;
			files = (
			);
			runOnlyForDeploymentPostprocessing = 0;
		};
		121857D72E6FF0A900088A62 /* Frameworks */ = {
			isa = PBXFrameworksBuildPhase;
			buildActionMask = 2147483647;
			files = (
			);
			runOnlyForDeploymentPostprocessing = 0;
		};
		121857E32E6FF0A900088A62 /* Frameworks */ = {
			isa = PBXFrameworksBuildPhase;
			buildActionMask = 2147483647;
			files = (
			);
			runOnlyForDeploymentPostprocessing = 0;
		};
		121857F22E6FF0AB00088A62 /* Frameworks */ = {
			isa = PBXFrameworksBuildPhase;
			buildActionMask = 2147483647;
			files = (
			);
			runOnlyForDeploymentPostprocessing = 0;
		};
		121857FC2E6FF0AB00088A62 /* Frameworks */ = {
			isa = PBXFrameworksBuildPhase;
			buildActionMask = 2147483647;
			files = (
			);
			runOnlyForDeploymentPostprocessing = 0;
		};
/* End PBXFrameworksBuildPhase section */

/* Begin PBXGroup section */
		121857242E6BE73C00088A62 = {
			isa = PBXGroup;
			children = (
				1218572F2E6BE73D00088A62 /* RuckTracker */,
				1218573D2E6BE73F00088A62 /* RuckTrackerTests */,
				121857472E6BE73F00088A62 /* RuckTrackerUITests */,
				121857542E6BE73F00088A62 /* RuckTracker Watch App */,
				121857622E6BE74000088A62 /* RuckTracker Watch AppTests */,
				1218576C2E6BE74000088A62 /* RuckTracker Watch AppUITests */,
				121857C52E6FF0A700088A62 /* RuckTrackerTest */,
				121857D32E6FF0A900088A62 /* RuckTrackerTestTests */,
				121857DD2E6FF0A900088A62 /* RuckTrackerTestUITests */,
				121857EA2E6FF0A900088A62 /* RuckTrackerTest Watch App */,
				121857F82E6FF0AB00088A62 /* RuckTrackerTest Watch AppTests */,
				121858022E6FF0AB00088A62 /* RuckTrackerTest Watch AppUITests */,
				1218572E2E6BE73D00088A62 /* Products */,
			);
			sourceTree = "<group>";
		};
		1218572E2E6BE73D00088A62 /* Products */ = {
			isa = PBXGroup;
			children = (
				1218572D2E6BE73D00088A62 /* RuckTracker.app */,
				1218573A2E6BE73F00088A62 /* RuckTrackerTests.xctest */,
				121857442E6BE73F00088A62 /* RuckTrackerUITests.xctest */,
				121857502E6BE73F00088A62 /* RuckTracker Watch App.app */,
				1218575F2E6BE74000088A62 /* RuckTracker Watch AppTests.xctest */,
				121857692E6BE74000088A62 /* RuckTracker Watch AppUITests.xctest */,
				121857D02E6FF0A900088A62 /* RuckTrackerTestTests.xctest */,
				121857DA2E6FF0A900088A62 /* RuckTrackerTestUITests.xctest */,
				121857E62E6FF0A900088A62 /* RuckTrackerTest Watch App.app */,
				121857F52E6FF0AB00088A62 /* RuckTrackerTest Watch AppTests.xctest */,
				121857FF2E6FF0AB00088A62 /* RuckTrackerTest Watch AppUITests.xctest */,
			);
			name = Products;
			sourceTree = "<group>";
		};
/* End PBXGroup section */

/* Begin PBXNativeTarget section */
		1218572C2E6BE73D00088A62 /* RuckTracker */ = {
			isa = PBXNativeTarget;
			buildConfigurationList = 121857772E6BE74000088A62 /* Build configuration list for PBXNativeTarget "RuckTracker" */;
			buildPhases = (
				121857292E6BE73D00088A62 /* Sources */,
				1218572A2E6BE73D00088A62 /* Frameworks */,
				1218572B2E6BE73D00088A62 /* Resources */,
				121857762E6BE74000088A62 /* Embed Watch Content */,
			);
			buildRules = (
			);
			dependencies = (
				121857532E6BE73F00088A62 /* PBXTargetDependency */,
			);
			fileSystemSynchronizedGroups = (
				1218572F2E6BE73D00088A62 /* RuckTracker */,
			);
			name = RuckTracker;
			packageProductDependencies = (
			);
			productName = RuckTracker;
			productReference = 1218572D2E6BE73D00088A62 /* RuckTracker.app */;
			productType = "com.apple.product-type.application";
		};
		121857392E6BE73F00088A62 /* RuckTrackerTests */ = {
			isa = PBXNativeTarget;
			buildConfigurationList = 1218577A2E6BE74000088A62 /* Build configuration list for PBXNativeTarget "RuckTrackerTests" */;
			buildPhases = (
				121857362E6BE73F00088A62 /* Sources */,
				121857372E6BE73F00088A62 /* Frameworks */,
				121857382E6BE73F00088A62 /* Resources */,
			);
			buildRules = (
			);
			dependencies = (
				1218573C2E6BE73F00088A62 /* PBXTargetDependency */,
			);
			fileSystemSynchronizedGroups = (
				1218573D2E6BE73F00088A62 /* RuckTrackerTests */,
			);
			name = RuckTrackerTests;
			packageProductDependencies = (
			);
			productName = RuckTrackerTests;
			productReference = 1218573A2E6BE73F00088A62 /* RuckTrackerTests.xctest */;
			productType = "com.apple.product-type.bundle.unit-test";
		};
		121857432E6BE73F00088A62 /* RuckTrackerUITests */ = {
			isa = PBXNativeTarget;
			buildConfigurationList = 1218577D2E6BE74000088A62 /* Build configuration list for PBXNativeTarget "RuckTrackerUITests" */;
			buildPhases = (
				121857402E6BE73F00088A62 /* Sources */,
				121857412E6BE73F00088A62 /* Frameworks */,
				121857422E6BE73F00088A62 /* Resources */,
			);
			buildRules = (
			);
			dependencies = (
				121857462E6BE73F00088A62 /* PBXTargetDependency */,
			);
			fileSystemSynchronizedGroups = (
				121857472E6BE73F00088A62 /* RuckTrackerUITests */,
			);
			name = RuckTrackerUITests;
			packageProductDependencies = (
			);
			productName = RuckTrackerUITests;
			productReference = 121857442E6BE73F00088A62 /* RuckTrackerUITests.xctest */;
			productType = "com.apple.product-type.bundle.ui-testing";
		};
		1218574F2E6BE73F00088A62 /* RuckTracker Watch App */ = {
			isa = PBXNativeTarget;
			buildConfigurationList = 121857732E6BE74000088A62 /* Build configuration list for PBXNativeTarget "RuckTracker Watch App" */;
			buildPhases = (
				1218574C2E6BE73F00088A62 /* Sources */,
				1218574D2E6BE73F00088A62 /* Frameworks */,
				1218574E2E6BE73F00088A62 /* Resources */,
			);
			buildRules = (
			);
			dependencies = (
			);
			fileSystemSynchronizedGroups = (
				121857542E6BE73F00088A62 /* RuckTracker Watch App */,
			);
			name = "RuckTracker Watch App";
			packageProductDependencies = (
			);
			productName = "RuckTracker Watch App";
			productReference = 121857502E6BE73F00088A62 /* RuckTracker Watch App.app */;
			productType = "com.apple.product-type.application";
		};
		1218575E2E6BE74000088A62 /* RuckTracker Watch AppTests */ = {
			isa = PBXNativeTarget;
			buildConfigurationList = 121857802E6BE74000088A62 /* Build configuration list for PBXNativeTarget "RuckTracker Watch AppTests" */;
			buildPhases = (
				1218575B2E6BE74000088A62 /* Sources */,
				1218575C2E6BE74000088A62 /* Frameworks */,
				1218575D2E6BE74000088A62 /* Resources */,
			);
			buildRules = (
			);
			dependencies = (
				121857612E6BE74000088A62 /* PBXTargetDependency */,
			);
			fileSystemSynchronizedGroups = (
				121857622E6BE74000088A62 /* RuckTracker Watch AppTests */,
			);
			name = "RuckTracker Watch AppTests";
			packageProductDependencies = (
			);
			productName = "RuckTracker Watch AppTests";
			productReference = 1218575F2E6BE74000088A62 /* RuckTracker Watch AppTests.xctest */;
			productType = "com.apple.product-type.bundle.unit-test";
		};
		121857682E6BE74000088A62 /* RuckTracker Watch AppUITests */ = {
			isa = PBXNativeTarget;
			buildConfigurationList = 121857832E6BE74000088A62 /* Build configuration list for PBXNativeTarget "RuckTracker Watch AppUITests" */;
			buildPhases = (
				121857652E6BE74000088A62 /* Sources */,
				121857662E6BE74000088A62 /* Frameworks */,
				121857672E6BE74000088A62 /* Resources */,
			);
			buildRules = (
			);
			dependencies = (
				1218576B2E6BE74000088A62 /* PBXTargetDependency */,
			);
			fileSystemSynchronizedGroups = (
				1218576C2E6BE74000088A62 /* RuckTracker Watch AppUITests */,
			);
			name = "RuckTracker Watch AppUITests";
			packageProductDependencies = (
			);
			productName = "RuckTracker Watch AppUITests";
			productReference = 121857692E6BE74000088A62 /* RuckTracker Watch AppUITests.xctest */;
			productType = "com.apple.product-type.bundle.ui-testing";
		};
		121857CF2E6FF0A900088A62 /* RuckTrackerTestTests */ = {
			isa = PBXNativeTarget;
			buildConfigurationList = 1218580E2E6FF0AB00088A62 /* Build configuration list for PBXNativeTarget "RuckTrackerTestTests" */;
			buildPhases = (
				121857CC2E6FF0A900088A62 /* Sources */,
				121857CD2E6FF0A900088A62 /* Frameworks */,
				121857CE2E6FF0A900088A62 /* Resources */,
			);
			buildRules = (
			);
			dependencies = (
			);
			fileSystemSynchronizedGroups = (
				121857D32E6FF0A900088A62 /* RuckTrackerTestTests */,
			);
			name = RuckTrackerTestTests;
			packageProductDependencies = (
			);
			productName = RuckTrackerTestTests;
			productReference = 121857D02E6FF0A900088A62 /* RuckTrackerTestTests.xctest */;
			productType = "com.apple.product-type.bundle.unit-test";
		};
		121857D92E6FF0A900088A62 /* RuckTrackerTestUITests */ = {
			isa = PBXNativeTarget;
			buildConfigurationList = 121858112E6FF0AB00088A62 /* Build configuration list for PBXNativeTarget "RuckTrackerTestUITests" */;
			buildPhases = (
				121857D62E6FF0A900088A62 /* Sources */,
				121857D72E6FF0A900088A62 /* Frameworks */,
				121857D82E6FF0A900088A62 /* Resources */,
			);
			buildRules = (
			);
			dependencies = (
			);
			fileSystemSynchronizedGroups = (
				121857DD2E6FF0A900088A62 /* RuckTrackerTestUITests */,
			);
			name = RuckTrackerTestUITests;
			packageProductDependencies = (
			);
			productName = RuckTrackerTestUITests;
			productReference = 121857DA2E6FF0A900088A62 /* RuckTrackerTestUITests.xctest */;
			productType = "com.apple.product-type.bundle.ui-testing";
		};
		121857E52E6FF0A900088A62 /* RuckTrackerTest Watch App */ = {
			isa = PBXNativeTarget;
			buildConfigurationList = 121858072E6FF0AB00088A62 /* Build configuration list for PBXNativeTarget "RuckTrackerTest Watch App" */;
			buildPhases = (
				121857E22E6FF0A900088A62 /* Sources */,
				121857E32E6FF0A900088A62 /* Frameworks */,
				121857E42E6FF0A900088A62 /* Resources */,
			);
			buildRules = (
			);
			dependencies = (
			);
			fileSystemSynchronizedGroups = (
				121857EA2E6FF0A900088A62 /* RuckTrackerTest Watch App */,
			);
			name = "RuckTrackerTest Watch App";
			packageProductDependencies = (
			);
			productName = "RuckTrackerTest Watch App";
			productReference = 121857E62E6FF0A900088A62 /* RuckTrackerTest Watch App.app */;
			productType = "com.apple.product-type.application";
		};
		121857F42E6FF0AB00088A62 /* RuckTrackerTest Watch AppTests */ = {
			isa = PBXNativeTarget;
			buildConfigurationList = 121858142E6FF0AB00088A62 /* Build configuration list for PBXNativeTarget "RuckTrackerTest Watch AppTests" */;
			buildPhases = (
				121857F12E6FF0AB00088A62 /* Sources */,
				121857F22E6FF0AB00088A62 /* Frameworks */,
				121857F32E6FF0AB00088A62 /* Resources */,
			);
			buildRules = (
			);
			dependencies = (
				121857F72E6FF0AB00088A62 /* PBXTargetDependency */,
			);
			fileSystemSynchronizedGroups = (
				121857F82E6FF0AB00088A62 /* RuckTrackerTest Watch AppTests */,
			);
			name = "RuckTrackerTest Watch AppTests";
			packageProductDependencies = (
			);
			productName = "RuckTrackerTest Watch AppTests";
			productReference = 121857F52E6FF0AB00088A62 /* RuckTrackerTest Watch AppTests.xctest */;
			productType = "com.apple.product-type.bundle.unit-test";
		};
		121857FE2E6FF0AB00088A62 /* RuckTrackerTest Watch AppUITests */ = {
			isa = PBXNativeTarget;
			buildConfigurationList = 121858172E6FF0AB00088A62 /* Build configuration list for PBXNativeTarget "RuckTrackerTest Watch AppUITests" */;
			buildPhases = (
				121857FB2E6FF0AB00088A62 /* Sources */,
				121857FC2E6FF0AB00088A62 /* Frameworks */,
				121857FD2E6FF0AB00088A62 /* Resources */,
			);
			buildRules = (
			);
			dependencies = (
				121858012E6FF0AB00088A62 /* PBXTargetDependency */,
			);
			fileSystemSynchronizedGroups = (
				121858022E6FF0AB00088A62 /* RuckTrackerTest Watch AppUITests */,
			);
			name = "RuckTrackerTest Watch AppUITests";
			packageProductDependencies = (
			);
			productName = "RuckTrackerTest Watch AppUITests";
			productReference = 121857FF2E6FF0AB00088A62 /* RuckTrackerTest Watch AppUITests.xctest */;
			productType = "com.apple.product-type.bundle.ui-testing";
		};
/* End PBXNativeTarget section */

/* Begin PBXProject section */
		121857252E6BE73C00088A62 /* Project object */ = {
			isa = PBXProject;
			attributes = {
				BuildIndependentTargetsInParallel = 1;
				LastSwiftUpdateCheck = 1640;
				LastUpgradeCheck = 1640;
				TargetAttributes = {
					1218572C2E6BE73D00088A62 = {
						CreatedOnToolsVersion = 16.4;
					};
					121857392E6BE73F00088A62 = {
						CreatedOnToolsVersion = 16.4;
						TestTargetID = 1218572C2E6BE73D00088A62;
					};
					121857432E6BE73F00088A62 = {
						CreatedOnToolsVersion = 16.4;
						TestTargetID = 1218572C2E6BE73D00088A62;
					};
					1218574F2E6BE73F00088A62 = {
						CreatedOnToolsVersion = 16.4;
					};
					1218575E2E6BE74000088A62 = {
						CreatedOnToolsVersion = 16.4;
						TestTargetID = 1218574F2E6BE73F00088A62;
					};
					121857682E6BE74000088A62 = {
						CreatedOnToolsVersion = 16.4;
						TestTargetID = 1218574F2E6BE73F00088A62;
					};
					121857CF2E6FF0A900088A62 = {
						CreatedOnToolsVersion = 16.4;
						TestTargetID = 121857C32E6FF0A600088A62;
					};
					121857D92E6FF0A900088A62 = {
						CreatedOnToolsVersion = 16.4;
						TestTargetID = 121857C32E6FF0A600088A62;
					};
					121857E52E6FF0A900088A62 = {
						CreatedOnToolsVersion = 16.4;
					};
					121857F42E6FF0AB00088A62 = {
						CreatedOnToolsVersion = 16.4;
						TestTargetID = 121857E52E6FF0A900088A62;
					};
					121857FE2E6FF0AB00088A62 = {
						CreatedOnToolsVersion = 16.4;
						TestTargetID = 121857E52E6FF0A900088A62;
					};
				};
			};
			buildConfigurationList = 121857282E6BE73C00088A62 /* Build configuration list for PBXProject "RuckTracker" */;
			developmentRegion = en;
			hasScannedForEncodings = 0;
			knownRegions = (
				en,
				Base,
			);
			mainGroup = 121857242E6BE73C00088A62;
			minimizedProjectReferenceProxies = 1;
			packageReferences = (
			);
			preferredProjectObjectVersion = 77;
			productRefGroup = 1218572E2E6BE73D00088A62 /* Products */;
			projectDirPath = "";
			projectRoot = "";
			targets = (
				1218572C2E6BE73D00088A62 /* RuckTracker */,
				121857392E6BE73F00088A62 /* RuckTrackerTests */,
				121857432E6BE73F00088A62 /* RuckTrackerUITests */,
				1218574F2E6BE73F00088A62 /* RuckTracker Watch App */,
				1218575E2E6BE74000088A62 /* RuckTracker Watch AppTests */,
				121857682E6BE74000088A62 /* RuckTracker Watch AppUITests */,
				121857CF2E6FF0A900088A62 /* RuckTrackerTestTests */,
				121857D92E6FF0A900088A62 /* RuckTrackerTestUITests */,
				121857E52E6FF0A900088A62 /* RuckTrackerTest Watch App */,
				121857F42E6FF0AB00088A62 /* RuckTrackerTest Watch AppTests */,
				121857FE2E6FF0AB00088A62 /* RuckTrackerTest Watch AppUITests */,
			);
		};
/* End PBXProject section */

/* Begin PBXResourcesBuildPhase section */
		1218572B2E6BE73D00088A62 /* Resources */ = {
			isa = PBXResourcesBuildPhase;
			buildActionMask = 2147483647;
			files = (
			);
			runOnlyForDeploymentPostprocessing = 0;
		};
		121857382E6BE73F00088A62 /* Resources */ = {
			isa = PBXResourcesBuildPhase;
			buildActionMask = 2147483647;
			files = (
			);
			runOnlyForDeploymentPostprocessing = 0;
		};
		121857422E6BE73F00088A62 /* Resources */ = {
			isa = PBXResourcesBuildPhase;
			buildActionMask = 2147483647;
			files = (
			);
			runOnlyForDeploymentPostprocessing = 0;
		};
		1218574E2E6BE73F00088A62 /* Resources */ = {
			isa = PBXResourcesBuildPhase;
			buildActionMask = 2147483647;
			files = (
			);
			runOnlyForDeploymentPostprocessing = 0;
		};
		1218575D2E6BE74000088A62 /* Resources */ = {
			isa = PBXResourcesBuildPhase;
			buildActionMask = 2147483647;
			files = (
			);
			runOnlyForDeploymentPostprocessing = 0;
		};
		121857672E6BE74000088A62 /* Resources */ = {
			isa = PBXResourcesBuildPhase;
			buildActionMask = 2147483647;
			files = (
			);
			runOnlyForDeploymentPostprocessing = 0;
		};
		121857CE2E6FF0A900088A62 /* Resources */ = {
			isa = PBXResourcesBuildPhase;
			buildActionMask = 2147483647;
			files = (
			);
			runOnlyForDeploymentPostprocessing = 0;
		};
		121857D82E6FF0A900088A62 /* Resources */ = {
			isa = PBXResourcesBuildPhase;
			buildActionMask = 2147483647;
			files = (
			);
			runOnlyForDeploymentPostprocessing = 0;
		};
		121857E42E6FF0A900088A62 /* Resources */ = {
			isa = PBXResourcesBuildPhase;
			buildActionMask = 2147483647;
			files = (
			);
			runOnlyForDeploymentPostprocessing = 0;
		};
		121857F32E6FF0AB00088A62 /* Resources */ = {
			isa = PBXResourcesBuildPhase;
			buildActionMask = 2147483647;
			files = (
			);
			runOnlyForDeploymentPostprocessing = 0;
		};
		121857FD2E6FF0AB00088A62 /* Resources */ = {
			isa = PBXResourcesBuildPhase;
			buildActionMask = 2147483647;
			files = (
			);
			runOnlyForDeploymentPostprocessing = 0;
		};
/* End PBXResourcesBuildPhase section */

/* Begin PBXSourcesBuildPhase section */
		121857292E6BE73D00088A62 /* Sources */ = {
			isa = PBXSourcesBuildPhase;
			buildActionMask = 2147483647;
			files = (
			);
			runOnlyForDeploymentPostprocessing = 0;
		};
		121857362E6BE73F00088A62 /* Sources */ = {
			isa = PBXSourcesBuildPhase;
			buildActionMask = 2147483647;
			files = (
			);
			runOnlyForDeploymentPostprocessing = 0;
		};
		121857402E6BE73F00088A62 /* Sources */ = {
			isa = PBXSourcesBuildPhase;
			buildActionMask = 2147483647;
			files = (
			);
			runOnlyForDeploymentPostprocessing = 0;
		};
		1218574C2E6BE73F00088A62 /* Sources */ = {
			isa = PBXSourcesBuildPhase;
			buildActionMask = 2147483647;
			files = (
			);
			runOnlyForDeploymentPostprocessing = 0;
		};
		1218575B2E6BE74000088A62 /* Sources */ = {
			isa = PBXSourcesBuildPhase;
			buildActionMask = 2147483647;
			files = (
			);
			runOnlyForDeploymentPostprocessing = 0;
		};
		121857652E6BE74000088A62 /* Sources */ = {
			isa = PBXSourcesBuildPhase;
			buildActionMask = 2147483647;
			files = (
			);
			runOnlyForDeploymentPostprocessing = 0;
		};
		121857CC2E6FF0A900088A62 /* Sources */ = {
			isa = PBXSourcesBuildPhase;
			buildActionMask = 2147483647;
			files = (
			);
			runOnlyForDeploymentPostprocessing = 0;
		};
		121857D62E6FF0A900088A62 /* Sources */ = {
			isa = PBXSourcesBuildPhase;
			buildActionMask = 2147483647;
			files = (
			);
			runOnlyForDeploymentPostprocessing = 0;
		};
		121857E22E6FF0A900088A62 /* Sources */ = {
			isa = PBXSourcesBuildPhase;
			buildActionMask = 2147483647;
			files = (
			);
			runOnlyForDeploymentPostprocessing = 0;
		};
		121857F12E6FF0AB00088A62 /* Sources */ = {
			isa = PBXSourcesBuildPhase;
			buildActionMask = 2147483647;
			files = (
			);
			runOnlyForDeploymentPostprocessing = 0;
		};
		121857FB2E6FF0AB00088A62 /* Sources */ = {
			isa = PBXSourcesBuildPhase;
			buildActionMask = 2147483647;
			files = (
			);
			runOnlyForDeploymentPostprocessing = 0;
		};
/* End PBXSourcesBuildPhase section */

/* Begin PBXTargetDependency section */
		1218573C2E6BE73F00088A62 /* PBXTargetDependency */ = {
			isa = PBXTargetDependency;
			target = 1218572C2E6BE73D00088A62 /* RuckTracker */;
			targetProxy = 1218573B2E6BE73F00088A62 /* PBXContainerItemProxy */;
		};
		121857462E6BE73F00088A62 /* PBXTargetDependency */ = {
			isa = PBXTargetDependency;
			target = 1218572C2E6BE73D00088A62 /* RuckTracker */;
			targetProxy = 121857452E6BE73F00088A62 /* PBXContainerItemProxy */;
		};
		121857532E6BE73F00088A62 /* PBXTargetDependency */ = {
			isa = PBXTargetDependency;
			target = 1218574F2E6BE73F00088A62 /* RuckTracker Watch App */;
			targetProxy = 121857522E6BE73F00088A62 /* PBXContainerItemProxy */;
		};
		121857612E6BE74000088A62 /* PBXTargetDependency */ = {
			isa = PBXTargetDependency;
			target = 1218574F2E6BE73F00088A62 /* RuckTracker Watch App */;
			targetProxy = 121857602E6BE74000088A62 /* PBXContainerItemProxy */;
		};
		1218576B2E6BE74000088A62 /* PBXTargetDependency */ = {
			isa = PBXTargetDependency;
			target = 1218574F2E6BE73F00088A62 /* RuckTracker Watch App */;
			targetProxy = 1218576A2E6BE74000088A62 /* PBXContainerItemProxy */;
		};
		121857F72E6FF0AB00088A62 /* PBXTargetDependency */ = {
			isa = PBXTargetDependency;
			target = 121857E52E6FF0A900088A62 /* RuckTrackerTest Watch App */;
			targetProxy = 121857F62E6FF0AB00088A62 /* PBXContainerItemProxy */;
		};
		121858012E6FF0AB00088A62 /* PBXTargetDependency */ = {
			isa = PBXTargetDependency;
			target = 121857E52E6FF0A900088A62 /* RuckTrackerTest Watch App */;
			targetProxy = 121858002E6FF0AB00088A62 /* PBXContainerItemProxy */;
		};
/* End PBXTargetDependency section */

/* Begin XCBuildConfiguration section */
		121857712E6BE74000088A62 /* Debug */ = {
			isa = XCBuildConfiguration;
			buildSettings = {
				ALWAYS_SEARCH_USER_PATHS = NO;
				ASSETCATALOG_COMPILER_GENERATE_SWIFT_ASSET_SYMBOL_EXTENSIONS = YES;
				CLANG_ANALYZER_NONNULL = YES;
				CLANG_ANALYZER_NUMBER_OBJECT_CONVERSION = YES_AGGRESSIVE;
				CLANG_CXX_LANGUAGE_STANDARD = "gnu++20";
				CLANG_ENABLE_MODULES = YES;
				CLANG_ENABLE_OBJC_ARC = YES;
				CLANG_ENABLE_OBJC_WEAK = YES;
				CLANG_WARN_BLOCK_CAPTURE_AUTORELEASING = YES;
				CLANG_WARN_BOOL_CONVERSION = YES;
				CLANG_WARN_COMMA = YES;
				CLANG_WARN_CONSTANT_CONVERSION = YES;
				CLANG_WARN_DEPRECATED_OBJC_IMPLEMENTATIONS = YES;
				CLANG_WARN_DIRECT_OBJC_ISA_USAGE = YES_ERROR;
				CLANG_WARN_DOCUMENTATION_COMMENTS = YES;
				CLANG_WARN_EMPTY_BODY = YES;
				CLANG_WARN_ENUM_CONVERSION = YES;
				CLANG_WARN_INFINITE_RECURSION = YES;
				CLANG_WARN_INT_CONVERSION = YES;
				CLANG_WARN_NON_LITERAL_NULL_CONVERSION = YES;
				CLANG_WARN_OBJC_IMPLICIT_RETAIN_SELF = YES;
				CLANG_WARN_OBJC_LITERAL_CONVERSION = YES;
				CLANG_WARN_OBJC_ROOT_CLASS = YES_ERROR;
				CLANG_WARN_QUOTED_INCLUDE_IN_FRAMEWORK_HEADER = YES;
				CLANG_WARN_RANGE_LOOP_ANALYSIS = YES;
				CLANG_WARN_STRICT_PROTOTYPES = YES;
				CLANG_WARN_SUSPICIOUS_MOVE = YES;
				CLANG_WARN_UNGUARDED_AVAILABILITY = YES_AGGRESSIVE;
				CLANG_WARN_UNREACHABLE_CODE = YES;
				CLANG_WARN__DUPLICATE_METHOD_MATCH = YES;
				COPY_PHASE_STRIP = NO;
				DEBUG_INFORMATION_FORMAT = dwarf;
				ENABLE_STRICT_OBJC_MSGSEND = YES;
				ENABLE_TESTABILITY = YES;
				ENABLE_USER_SCRIPT_SANDBOXING = YES;
				GCC_C_LANGUAGE_STANDARD = gnu17;
				GCC_DYNAMIC_NO_PIC = NO;
				GCC_NO_COMMON_BLOCKS = YES;
				GCC_OPTIMIZATION_LEVEL = 0;
				GCC_PREPROCESSOR_DEFINITIONS = (
					"DEBUG=1",
					"$(inherited)",
				);
				GCC_WARN_64_TO_32_BIT_CONVERSION = YES;
				GCC_WARN_ABOUT_RETURN_TYPE = YES_ERROR;
				GCC_WARN_UNDECLARED_SELECTOR = YES;
				GCC_WARN_UNINITIALIZED_AUTOS = YES_AGGRESSIVE;
				GCC_WARN_UNUSED_FUNCTION = YES;
				GCC_WARN_UNUSED_VARIABLE = YES;
				LOCALIZATION_PREFERS_STRING_CATALOGS = YES;
				MTL_ENABLE_DEBUG_INFO = INCLUDE_SOURCE;
				MTL_FAST_MATH = YES;
				ONLY_ACTIVE_ARCH = YES;
				SWIFT_ACTIVE_COMPILATION_CONDITIONS = "DEBUG $(inherited)";
				SWIFT_OPTIMIZATION_LEVEL = "-Onone";
			};
			name = Debug;
		};
		121857722E6BE74000088A62 /* Release */ = {
			isa = XCBuildConfiguration;
			buildSettings = {
				ALWAYS_SEARCH_USER_PATHS = NO;
				ASSETCATALOG_COMPILER_GENERATE_SWIFT_ASSET_SYMBOL_EXTENSIONS = YES;
				CLANG_ANALYZER_NONNULL = YES;
				CLANG_ANALYZER_NUMBER_OBJECT_CONVERSION = YES_AGGRESSIVE;
				CLANG_CXX_LANGUAGE_STANDARD = "gnu++20";
				CLANG_ENABLE_MODULES = YES;
				CLANG_ENABLE_OBJC_ARC = YES;
				CLANG_ENABLE_OBJC_WEAK = YES;
				CLANG_WARN_BLOCK_CAPTURE_AUTORELEASING = YES;
				CLANG_WARN_BOOL_CONVERSION = YES;
				CLANG_WARN_COMMA = YES;
				CLANG_WARN_CONSTANT_CONVERSION = YES;
				CLANG_WARN_DEPRECATED_OBJC_IMPLEMENTATIONS = YES;
				CLANG_WARN_DIRECT_OBJC_ISA_USAGE = YES_ERROR;
				CLANG_WARN_DOCUMENTATION_COMMENTS = YES;
				CLANG_WARN_EMPTY_BODY = YES;
				CLANG_WARN_ENUM_CONVERSION = YES;
				CLANG_WARN_INFINITE_RECURSION = YES;
				CLANG_WARN_INT_CONVERSION = YES;
				CLANG_WARN_NON_LITERAL_NULL_CONVERSION = YES;
				CLANG_WARN_OBJC_IMPLICIT_RETAIN_SELF = YES;
				CLANG_WARN_OBJC_LITERAL_CONVERSION = YES;
				CLANG_WARN_OBJC_ROOT_CLASS = YES_ERROR;
				CLANG_WARN_QUOTED_INCLUDE_IN_FRAMEWORK_HEADER = YES;
				CLANG_WARN_RANGE_LOOP_ANALYSIS = YES;
				CLANG_WARN_STRICT_PROTOTYPES = YES;
				CLANG_WARN_SUSPICIOUS_MOVE = YES;
				CLANG_WARN_UNGUARDED_AVAILABILITY = YES_AGGRESSIVE;
				CLANG_WARN_UNREACHABLE_CODE = YES;
				CLANG_WARN__DUPLICATE_METHOD_MATCH = YES;
				COPY_PHASE_STRIP = NO;
				DEBUG_INFORMATION_FORMAT = "dwarf-with-dsym";
				ENABLE_NS_ASSERTIONS = NO;
				ENABLE_STRICT_OBJC_MSGSEND = YES;
				ENABLE_USER_SCRIPT_SANDBOXING = YES;
				GCC_C_LANGUAGE_STANDARD = gnu17;
				GCC_NO_COMMON_BLOCKS = YES;
				GCC_WARN_64_TO_32_BIT_CONVERSION = YES;
				GCC_WARN_ABOUT_RETURN_TYPE = YES_ERROR;
				GCC_WARN_UNDECLARED_SELECTOR = YES;
				GCC_WARN_UNINITIALIZED_AUTOS = YES_AGGRESSIVE;
				GCC_WARN_UNUSED_FUNCTION = YES;
				GCC_WARN_UNUSED_VARIABLE = YES;
				LOCALIZATION_PREFERS_STRING_CATALOGS = YES;
				MTL_ENABLE_DEBUG_INFO = NO;
				MTL_FAST_MATH = YES;
				SWIFT_COMPILATION_MODE = wholemodule;
			};
			name = Release;
		};
		121857742E6BE74000088A62 /* Debug */ = {
			isa = XCBuildConfiguration;
			buildSettings = {
				ASSETCATALOG_COMPILER_APPICON_NAME = AppIcon;
				ASSETCATALOG_COMPILER_GLOBAL_ACCENT_COLOR_NAME = AccentColor;
				CODE_SIGN_ENTITLEMENTS = "RuckTracker Watch App/RuckTracker Watch App.entitlements";
				CODE_SIGN_STYLE = Automatic;
				CURRENT_PROJECT_VERSION = 1;
				DEVELOPMENT_TEAM = KLA3GV43P7;
				ENABLE_PREVIEWS = YES;
				GENERATE_INFOPLIST_FILE = YES;
				INFOPLIST_KEY_CFBundleDisplayName = RuckTracker;
				INFOPLIST_KEY_NSHealthShareUsageDescription = "RuckTracker needs access to read your heart rate and workout data to provide accurate rucking tracking on your Apple Watch.";
				INFOPLIST_KEY_NSHealthUpdateUsageDescription = "RuckTracker needs permission to save your ruck workout data (calories, distance, time) to your Health app.";
				INFOPLIST_KEY_NSLocationWhenInUseUsageDescription = "RuckTracker needs location access to accurately track your distance during rucking workouts using GPS.";
				INFOPLIST_KEY_UISupportedInterfaceOrientations = "UIInterfaceOrientationPortrait UIInterfaceOrientationPortraitUpsideDown";
				INFOPLIST_KEY_WKCompanionAppBundleIdentifier = Artless.RuckTracker;
				LD_RUNPATH_SEARCH_PATHS = (
					"$(inherited)",
					"@executable_path/Frameworks",
				);
				MARKETING_VERSION = 1.0;
				PRODUCT_BUNDLE_IDENTIFIER = Artless.RuckTracker.watchkitapp;
				PRODUCT_NAME = "$(TARGET_NAME)";
				SDKROOT = watchos;
				SKIP_INSTALL = YES;
				SWIFT_EMIT_LOC_STRINGS = YES;
				SWIFT_VERSION = 5.0;
				TARGETED_DEVICE_FAMILY = 4;
				WATCHOS_DEPLOYMENT_TARGET = 11.5;
			};
			name = Debug;
		};
		121857752E6BE74000088A62 /* Release */ = {
			isa = XCBuildConfiguration;
			buildSettings = {
				ASSETCATALOG_COMPILER_APPICON_NAME = AppIcon;
				ASSETCATALOG_COMPILER_GLOBAL_ACCENT_COLOR_NAME = AccentColor;
				CODE_SIGN_ENTITLEMENTS = "RuckTracker Watch App/RuckTracker Watch App.entitlements";
				CODE_SIGN_STYLE = Automatic;
				CURRENT_PROJECT_VERSION = 1;
				DEVELOPMENT_TEAM = KLA3GV43P7;
				ENABLE_PREVIEWS = YES;
				GENERATE_INFOPLIST_FILE = YES;
				INFOPLIST_KEY_CFBundleDisplayName = RuckTracker;
				INFOPLIST_KEY_NSHealthShareUsageDescription = "RuckTracker needs access to read your heart rate and workout data to provide accurate rucking tracking on your Apple Watch.";
				INFOPLIST_KEY_NSHealthUpdateUsageDescription = "RuckTracker needs permission to save your ruck workout data (calories, distance, time) to your Health app.";
				INFOPLIST_KEY_NSLocationWhenInUseUsageDescription = "RuckTracker needs location access to accurately track your distance during rucking workouts using GPS.";
				INFOPLIST_KEY_UISupportedInterfaceOrientations = "UIInterfaceOrientationPortrait UIInterfaceOrientationPortraitUpsideDown";
				INFOPLIST_KEY_WKCompanionAppBundleIdentifier = Artless.RuckTracker;
				LD_RUNPATH_SEARCH_PATHS = (
					"$(inherited)",
					"@executable_path/Frameworks",
				);
				MARKETING_VERSION = 1.0;
				PRODUCT_BUNDLE_IDENTIFIER = Artless.RuckTracker.watchkitapp;
				PRODUCT_NAME = "$(TARGET_NAME)";
				SDKROOT = watchos;
				SKIP_INSTALL = YES;
				SWIFT_EMIT_LOC_STRINGS = YES;
				SWIFT_VERSION = 5.0;
				TARGETED_DEVICE_FAMILY = 4;
				VALIDATE_PRODUCT = YES;
				WATCHOS_DEPLOYMENT_TARGET = 11.5;
			};
			name = Release;
		};
		121857782E6BE74000088A62 /* Debug */ = {
			isa = XCBuildConfiguration;
			buildSettings = {
				ASSETCATALOG_COMPILER_APPICON_NAME = AppIcon;
				ASSETCATALOG_COMPILER_GLOBAL_ACCENT_COLOR_NAME = AccentColor;
				CODE_SIGN_ENTITLEMENTS = RuckTracker/RuckTracker.entitlements;
				CODE_SIGN_IDENTITY = "Apple Development";
				CODE_SIGN_STYLE = Automatic;
				CURRENT_PROJECT_VERSION = 1;
				DEVELOPMENT_TEAM = KLA3GV43P7;
				ENABLE_PREVIEWS = YES;
				GENERATE_INFOPLIST_FILE = YES;
				INFOPLIST_KEY_CFBundleDisplayName = RuckTracker;
				INFOPLIST_KEY_NSHealthShareUsageDescription = "RuckTracker needs access to your health data to track your workouts and save them to your Health app.";
				INFOPLIST_KEY_NSHealthUpdateUsageDescription = "RuckTracker needs permission to save your ruck workout data to your Health app.";
				INFOPLIST_KEY_NSLocationWhenInUseUsageDescription = "RuckTracker needs location access to accurately track your distance during rucking workouts using GPS.";
				INFOPLIST_KEY_UIApplicationSceneManifest_Generation = YES;
				INFOPLIST_KEY_UIApplicationSupportsIndirectInputEvents = YES;
				INFOPLIST_KEY_UILaunchScreen_Generation = YES;
				INFOPLIST_KEY_UISupportedInterfaceOrientations_iPad = "UIInterfaceOrientationPortrait UIInterfaceOrientationPortraitUpsideDown UIInterfaceOrientationLandscapeLeft UIInterfaceOrientationLandscapeRight";
				INFOPLIST_KEY_UISupportedInterfaceOrientations_iPhone = "UIInterfaceOrientationPortrait UIInterfaceOrientationLandscapeLeft UIInterfaceOrientationLandscapeRight";
				IPHONEOS_DEPLOYMENT_TARGET = 18.5;
				LD_RUNPATH_SEARCH_PATHS = (
					"$(inherited)",
					"@executable_path/Frameworks",
				);
				MARKETING_VERSION = 1.0;
				PRODUCT_BUNDLE_IDENTIFIER = Artless.RuckTracker;
				PRODUCT_NAME = "$(TARGET_NAME)";
				PROVISIONING_PROFILE_SPECIFIER = "";
				SDKROOT = iphoneos;
				SWIFT_EMIT_LOC_STRINGS = YES;
				SWIFT_VERSION = 5.0;
				TARGETED_DEVICE_FAMILY = "1,2";
			};
			name = Debug;
		};
		121857792E6BE74000088A62 /* Release */ = {
			isa = XCBuildConfiguration;
			buildSettings = {
				ASSETCATALOG_COMPILER_APPICON_NAME = AppIcon;
				ASSETCATALOG_COMPILER_GLOBAL_ACCENT_COLOR_NAME = AccentColor;
				CODE_SIGN_ENTITLEMENTS = RuckTracker/RuckTracker.entitlements;
				CODE_SIGN_IDENTITY = "Apple Development";
				CODE_SIGN_STYLE = Automatic;
				CURRENT_PROJECT_VERSION = 1;
				DEVELOPMENT_TEAM = KLA3GV43P7;
				ENABLE_PREVIEWS = YES;
				GENERATE_INFOPLIST_FILE = YES;
				INFOPLIST_KEY_CFBundleDisplayName = RuckTracker;
				INFOPLIST_KEY_NSHealthShareUsageDescription = "RuckTracker needs access to your health data to track your workouts and save them to your Health app.";
				INFOPLIST_KEY_NSHealthUpdateUsageDescription = "RuckTracker needs permission to save your ruck workout data to your Health app.";
				INFOPLIST_KEY_NSLocationWhenInUseUsageDescription = "RuckTracker needs location access to accurately track your distance during rucking workouts using GPS.";
				INFOPLIST_KEY_UIApplicationSceneManifest_Generation = YES;
				INFOPLIST_KEY_UIApplicationSupportsIndirectInputEvents = YES;
				INFOPLIST_KEY_UILaunchScreen_Generation = YES;
				INFOPLIST_KEY_UISupportedInterfaceOrientations_iPad = "UIInterfaceOrientationPortrait UIInterfaceOrientationPortraitUpsideDown UIInterfaceOrientationLandscapeLeft UIInterfaceOrientationLandscapeRight";
				INFOPLIST_KEY_UISupportedInterfaceOrientations_iPhone = "UIInterfaceOrientationPortrait UIInterfaceOrientationLandscapeLeft UIInterfaceOrientationLandscapeRight";
				IPHONEOS_DEPLOYMENT_TARGET = 18.5;
				LD_RUNPATH_SEARCH_PATHS = (
					"$(inherited)",
					"@executable_path/Frameworks",
				);
				MARKETING_VERSION = 1.0;
				PRODUCT_BUNDLE_IDENTIFIER = Artless.RuckTracker;
				PRODUCT_NAME = "$(TARGET_NAME)";
				PROVISIONING_PROFILE_SPECIFIER = "";
				SDKROOT = iphoneos;
				SWIFT_EMIT_LOC_STRINGS = YES;
				SWIFT_VERSION = 5.0;
				TARGETED_DEVICE_FAMILY = "1,2";
				VALIDATE_PRODUCT = YES;
			};
			name = Release;
		};
		1218577B2E6BE74000088A62 /* Debug */ = {
			isa = XCBuildConfiguration;
			buildSettings = {
				BUNDLE_LOADER = "$(TEST_HOST)";
				CODE_SIGN_STYLE = Automatic;
				CURRENT_PROJECT_VERSION = 1;
				DEVELOPMENT_TEAM = KLA3GV43P7;
				GENERATE_INFOPLIST_FILE = YES;
				IPHONEOS_DEPLOYMENT_TARGET = 18.5;
				MARKETING_VERSION = 1.0;
				PRODUCT_BUNDLE_IDENTIFIER = Artless.RuckTrackerTests;
				PRODUCT_NAME = "$(TARGET_NAME)";
				SDKROOT = iphoneos;
				SWIFT_EMIT_LOC_STRINGS = NO;
				SWIFT_VERSION = 5.0;
				TARGETED_DEVICE_FAMILY = "1,2";
				TEST_HOST = "$(BUILT_PRODUCTS_DIR)/RuckTracker.app/$(BUNDLE_EXECUTABLE_FOLDER_PATH)/RuckTracker";
			};
			name = Debug;
		};
		1218577C2E6BE74000088A62 /* Release */ = {
			isa = XCBuildConfiguration;
			buildSettings = {
				BUNDLE_LOADER = "$(TEST_HOST)";
				CODE_SIGN_STYLE = Automatic;
				CURRENT_PROJECT_VERSION = 1;
				DEVELOPMENT_TEAM = KLA3GV43P7;
				GENERATE_INFOPLIST_FILE = YES;
				IPHONEOS_DEPLOYMENT_TARGET = 18.5;
				MARKETING_VERSION = 1.0;
				PRODUCT_BUNDLE_IDENTIFIER = Artless.RuckTrackerTests;
				PRODUCT_NAME = "$(TARGET_NAME)";
				SDKROOT = iphoneos;
				SWIFT_EMIT_LOC_STRINGS = NO;
				SWIFT_VERSION = 5.0;
				TARGETED_DEVICE_FAMILY = "1,2";
				TEST_HOST = "$(BUILT_PRODUCTS_DIR)/RuckTracker.app/$(BUNDLE_EXECUTABLE_FOLDER_PATH)/RuckTracker";
				VALIDATE_PRODUCT = YES;
			};
			name = Release;
		};
		1218577E2E6BE74000088A62 /* Debug */ = {
			isa = XCBuildConfiguration;
			buildSettings = {
				CODE_SIGN_STYLE = Automatic;
				CURRENT_PROJECT_VERSION = 1;
				DEVELOPMENT_TEAM = KLA3GV43P7;
				GENERATE_INFOPLIST_FILE = YES;
				IPHONEOS_DEPLOYMENT_TARGET = 18.5;
				MARKETING_VERSION = 1.0;
				PRODUCT_BUNDLE_IDENTIFIER = Artless.RuckTrackerUITests;
				PRODUCT_NAME = "$(TARGET_NAME)";
				SDKROOT = iphoneos;
				SWIFT_EMIT_LOC_STRINGS = NO;
				SWIFT_VERSION = 5.0;
				TARGETED_DEVICE_FAMILY = "1,2";
				TEST_TARGET_NAME = RuckTracker;
			};
			name = Debug;
		};
		1218577F2E6BE74000088A62 /* Release */ = {
			isa = XCBuildConfiguration;
			buildSettings = {
				CODE_SIGN_STYLE = Automatic;
				CURRENT_PROJECT_VERSION = 1;
				DEVELOPMENT_TEAM = KLA3GV43P7;
				GENERATE_INFOPLIST_FILE = YES;
				IPHONEOS_DEPLOYMENT_TARGET = 18.5;
				MARKETING_VERSION = 1.0;
				PRODUCT_BUNDLE_IDENTIFIER = Artless.RuckTrackerUITests;
				PRODUCT_NAME = "$(TARGET_NAME)";
				SDKROOT = iphoneos;
				SWIFT_EMIT_LOC_STRINGS = NO;
				SWIFT_VERSION = 5.0;
				TARGETED_DEVICE_FAMILY = "1,2";
				TEST_TARGET_NAME = RuckTracker;
				VALIDATE_PRODUCT = YES;
			};
			name = Release;
		};
		121857812E6BE74000088A62 /* Debug */ = {
			isa = XCBuildConfiguration;
			buildSettings = {
				BUNDLE_LOADER = "$(TEST_HOST)";
				CODE_SIGN_STYLE = Automatic;
				CURRENT_PROJECT_VERSION = 1;
				DEVELOPMENT_TEAM = KLA3GV43P7;
				GENERATE_INFOPLIST_FILE = YES;
				MARKETING_VERSION = 1.0;
				PRODUCT_BUNDLE_IDENTIFIER = "Artless.RuckTracker-Watch-AppTests";
				PRODUCT_NAME = "$(TARGET_NAME)";
				SDKROOT = watchos;
				SWIFT_EMIT_LOC_STRINGS = NO;
				SWIFT_VERSION = 5.0;
				TARGETED_DEVICE_FAMILY = 4;
				TEST_HOST = "$(BUILT_PRODUCTS_DIR)/RuckTracker Watch App.app/$(BUNDLE_EXECUTABLE_FOLDER_PATH)/RuckTracker Watch App";
				WATCHOS_DEPLOYMENT_TARGET = 11.5;
			};
			name = Debug;
		};
		121857822E6BE74000088A62 /* Release */ = {
			isa = XCBuildConfiguration;
			buildSettings = {
				BUNDLE_LOADER = "$(TEST_HOST)";
				CODE_SIGN_STYLE = Automatic;
				CURRENT_PROJECT_VERSION = 1;
				DEVELOPMENT_TEAM = KLA3GV43P7;
				GENERATE_INFOPLIST_FILE = YES;
				MARKETING_VERSION = 1.0;
				PRODUCT_BUNDLE_IDENTIFIER = "Artless.RuckTracker-Watch-AppTests";
				PRODUCT_NAME = "$(TARGET_NAME)";
				SDKROOT = watchos;
				SWIFT_EMIT_LOC_STRINGS = NO;
				SWIFT_VERSION = 5.0;
				TARGETED_DEVICE_FAMILY = 4;
				TEST_HOST = "$(BUILT_PRODUCTS_DIR)/RuckTracker Watch App.app/$(BUNDLE_EXECUTABLE_FOLDER_PATH)/RuckTracker Watch App";
				VALIDATE_PRODUCT = YES;
				WATCHOS_DEPLOYMENT_TARGET = 11.5;
			};
			name = Release;
		};
		121857842E6BE74000088A62 /* Debug */ = {
			isa = XCBuildConfiguration;
			buildSettings = {
				CODE_SIGN_STYLE = Automatic;
				CURRENT_PROJECT_VERSION = 1;
				DEVELOPMENT_TEAM = KLA3GV43P7;
				GENERATE_INFOPLIST_FILE = YES;
				MARKETING_VERSION = 1.0;
				PRODUCT_BUNDLE_IDENTIFIER = "Artless.RuckTracker-Watch-AppUITests";
				PRODUCT_NAME = "$(TARGET_NAME)";
				SDKROOT = watchos;
				SWIFT_EMIT_LOC_STRINGS = NO;
				SWIFT_VERSION = 5.0;
				TARGETED_DEVICE_FAMILY = 4;
				TEST_TARGET_NAME = "RuckTracker Watch App";
				WATCHOS_DEPLOYMENT_TARGET = 11.5;
			};
			name = Debug;
		};
		121857852E6BE74000088A62 /* Release */ = {
			isa = XCBuildConfiguration;
			buildSettings = {
				CODE_SIGN_STYLE = Automatic;
				CURRENT_PROJECT_VERSION = 1;
				DEVELOPMENT_TEAM = KLA3GV43P7;
				GENERATE_INFOPLIST_FILE = YES;
				MARKETING_VERSION = 1.0;
				PRODUCT_BUNDLE_IDENTIFIER = "Artless.RuckTracker-Watch-AppUITests";
				PRODUCT_NAME = "$(TARGET_NAME)";
				SDKROOT = watchos;
				SWIFT_EMIT_LOC_STRINGS = NO;
				SWIFT_VERSION = 5.0;
				TARGETED_DEVICE_FAMILY = 4;
				TEST_TARGET_NAME = "RuckTracker Watch App";
				VALIDATE_PRODUCT = YES;
				WATCHOS_DEPLOYMENT_TARGET = 11.5;
			};
			name = Release;
		};
		121858082E6FF0AB00088A62 /* Debug */ = {
			isa = XCBuildConfiguration;
			buildSettings = {
				ASSETCATALOG_COMPILER_APPICON_NAME = AppIcon;
				ASSETCATALOG_COMPILER_GLOBAL_ACCENT_COLOR_NAME = AccentColor;
				CODE_SIGN_STYLE = Automatic;
				CURRENT_PROJECT_VERSION = 1;
				DEVELOPMENT_TEAM = KLA3GV43P7;
				ENABLE_PREVIEWS = YES;
				GENERATE_INFOPLIST_FILE = YES;
				INFOPLIST_KEY_CFBundleDisplayName = RuckTrackerTest;
				INFOPLIST_KEY_UISupportedInterfaceOrientations = "UIInterfaceOrientationPortrait UIInterfaceOrientationPortraitUpsideDown";
				INFOPLIST_KEY_WKCompanionAppBundleIdentifier = Artless.RuckTrackerTest;
				LD_RUNPATH_SEARCH_PATHS = (
					"$(inherited)",
					"@executable_path/Frameworks",
				);
				MARKETING_VERSION = 1.0;
				PRODUCT_BUNDLE_IDENTIFIER = Artless.RuckTrackerTest.watchkitapp;
				PRODUCT_NAME = "$(TARGET_NAME)";
				SDKROOT = watchos;
				SKIP_INSTALL = YES;
				SWIFT_EMIT_LOC_STRINGS = YES;
				SWIFT_VERSION = 5.0;
				TARGETED_DEVICE_FAMILY = 4;
				WATCHOS_DEPLOYMENT_TARGET = 11.5;
			};
			name = Debug;
		};
		121858092E6FF0AB00088A62 /* Release */ = {
			isa = XCBuildConfiguration;
			buildSettings = {
				ASSETCATALOG_COMPILER_APPICON_NAME = AppIcon;
				ASSETCATALOG_COMPILER_GLOBAL_ACCENT_COLOR_NAME = AccentColor;
				CODE_SIGN_STYLE = Automatic;
				CURRENT_PROJECT_VERSION = 1;
				DEVELOPMENT_TEAM = KLA3GV43P7;
				ENABLE_PREVIEWS = YES;
				GENERATE_INFOPLIST_FILE = YES;
				INFOPLIST_KEY_CFBundleDisplayName = RuckTrackerTest;
				INFOPLIST_KEY_UISupportedInterfaceOrientations = "UIInterfaceOrientationPortrait UIInterfaceOrientationPortraitUpsideDown";
				INFOPLIST_KEY_WKCompanionAppBundleIdentifier = Artless.RuckTrackerTest;
				LD_RUNPATH_SEARCH_PATHS = (
					"$(inherited)",
					"@executable_path/Frameworks",
				);
				MARKETING_VERSION = 1.0;
				PRODUCT_BUNDLE_IDENTIFIER = Artless.RuckTrackerTest.watchkitapp;
				PRODUCT_NAME = "$(TARGET_NAME)";
				SDKROOT = watchos;
				SKIP_INSTALL = YES;
				SWIFT_EMIT_LOC_STRINGS = YES;
				SWIFT_VERSION = 5.0;
				TARGETED_DEVICE_FAMILY = 4;
				VALIDATE_PRODUCT = YES;
				WATCHOS_DEPLOYMENT_TARGET = 11.5;
			};
			name = Release;
		};
		1218580F2E6FF0AB00088A62 /* Debug */ = {
			isa = XCBuildConfiguration;
			buildSettings = {
				BUNDLE_LOADER = "$(TEST_HOST)";
				CODE_SIGN_STYLE = Automatic;
				CURRENT_PROJECT_VERSION = 1;
				DEVELOPMENT_TEAM = KLA3GV43P7;
				GENERATE_INFOPLIST_FILE = YES;
				IPHONEOS_DEPLOYMENT_TARGET = 18.5;
				MARKETING_VERSION = 1.0;
				PRODUCT_BUNDLE_IDENTIFIER = Artless.RuckTrackerTestTests;
				PRODUCT_NAME = "$(TARGET_NAME)";
				SDKROOT = iphoneos;
				SWIFT_EMIT_LOC_STRINGS = NO;
				SWIFT_VERSION = 5.0;
				TARGETED_DEVICE_FAMILY = "1,2";
				TEST_HOST = "$(BUILT_PRODUCTS_DIR)/RuckTrackerTest.app/$(BUNDLE_EXECUTABLE_FOLDER_PATH)/RuckTrackerTest";
			};
			name = Debug;
		};
		121858102E6FF0AB00088A62 /* Release */ = {
			isa = XCBuildConfiguration;
			buildSettings = {
				BUNDLE_LOADER = "$(TEST_HOST)";
				CODE_SIGN_STYLE = Automatic;
				CURRENT_PROJECT_VERSION = 1;
				DEVELOPMENT_TEAM = KLA3GV43P7;
				GENERATE_INFOPLIST_FILE = YES;
				IPHONEOS_DEPLOYMENT_TARGET = 18.5;
				MARKETING_VERSION = 1.0;
				PRODUCT_BUNDLE_IDENTIFIER = Artless.RuckTrackerTestTests;
				PRODUCT_NAME = "$(TARGET_NAME)";
				SDKROOT = iphoneos;
				SWIFT_EMIT_LOC_STRINGS = NO;
				SWIFT_VERSION = 5.0;
				TARGETED_DEVICE_FAMILY = "1,2";
				TEST_HOST = "$(BUILT_PRODUCTS_DIR)/RuckTrackerTest.app/$(BUNDLE_EXECUTABLE_FOLDER_PATH)/RuckTrackerTest";
				VALIDATE_PRODUCT = YES;
			};
			name = Release;
		};
		121858122E6FF0AB00088A62 /* Debug */ = {
			isa = XCBuildConfiguration;
			buildSettings = {
				CODE_SIGN_STYLE = Automatic;
				CURRENT_PROJECT_VERSION = 1;
				DEVELOPMENT_TEAM = KLA3GV43P7;
				GENERATE_INFOPLIST_FILE = YES;
				IPHONEOS_DEPLOYMENT_TARGET = 18.5;
				MARKETING_VERSION = 1.0;
				PRODUCT_BUNDLE_IDENTIFIER = Artless.RuckTrackerTestUITests;
				PRODUCT_NAME = "$(TARGET_NAME)";
				SDKROOT = iphoneos;
				SWIFT_EMIT_LOC_STRINGS = NO;
				SWIFT_VERSION = 5.0;
				TARGETED_DEVICE_FAMILY = "1,2";
				TEST_TARGET_NAME = RuckTrackerTest;
			};
			name = Debug;
		};
		121858132E6FF0AB00088A62 /* Release */ = {
			isa = XCBuildConfiguration;
			buildSettings = {
				CODE_SIGN_STYLE = Automatic;
				CURRENT_PROJECT_VERSION = 1;
				DEVELOPMENT_TEAM = KLA3GV43P7;
				GENERATE_INFOPLIST_FILE = YES;
				IPHONEOS_DEPLOYMENT_TARGET = 18.5;
				MARKETING_VERSION = 1.0;
				PRODUCT_BUNDLE_IDENTIFIER = Artless.RuckTrackerTestUITests;
				PRODUCT_NAME = "$(TARGET_NAME)";
				SDKROOT = iphoneos;
				SWIFT_EMIT_LOC_STRINGS = NO;
				SWIFT_VERSION = 5.0;
				TARGETED_DEVICE_FAMILY = "1,2";
				TEST_TARGET_NAME = RuckTrackerTest;
				VALIDATE_PRODUCT = YES;
			};
			name = Release;
		};
		121858152E6FF0AB00088A62 /* Debug */ = {
			isa = XCBuildConfiguration;
			buildSettings = {
				BUNDLE_LOADER = "$(TEST_HOST)";
				CODE_SIGN_STYLE = Automatic;
				CURRENT_PROJECT_VERSION = 1;
				DEVELOPMENT_TEAM = KLA3GV43P7;
				GENERATE_INFOPLIST_FILE = YES;
				MARKETING_VERSION = 1.0;
				PRODUCT_BUNDLE_IDENTIFIER = "Artless.RuckTrackerTest-Watch-AppTests";
				PRODUCT_NAME = "$(TARGET_NAME)";
				SDKROOT = watchos;
				SWIFT_EMIT_LOC_STRINGS = NO;
				SWIFT_VERSION = 5.0;
				TARGETED_DEVICE_FAMILY = 4;
				TEST_HOST = "$(BUILT_PRODUCTS_DIR)/RuckTrackerTest Watch App.app/$(BUNDLE_EXECUTABLE_FOLDER_PATH)/RuckTrackerTest Watch App";
				WATCHOS_DEPLOYMENT_TARGET = 11.5;
			};
			name = Debug;
		};
		121858162E6FF0AB00088A62 /* Release */ = {
			isa = XCBuildConfiguration;
			buildSettings = {
				BUNDLE_LOADER = "$(TEST_HOST)";
				CODE_SIGN_STYLE = Automatic;
				CURRENT_PROJECT_VERSION = 1;
				DEVELOPMENT_TEAM = KLA3GV43P7;
				GENERATE_INFOPLIST_FILE = YES;
				MARKETING_VERSION = 1.0;
				PRODUCT_BUNDLE_IDENTIFIER = "Artless.RuckTrackerTest-Watch-AppTests";
				PRODUCT_NAME = "$(TARGET_NAME)";
				SDKROOT = watchos;
				SWIFT_EMIT_LOC_STRINGS = NO;
				SWIFT_VERSION = 5.0;
				TARGETED_DEVICE_FAMILY = 4;
				TEST_HOST = "$(BUILT_PRODUCTS_DIR)/RuckTrackerTest Watch App.app/$(BUNDLE_EXECUTABLE_FOLDER_PATH)/RuckTrackerTest Watch App";
				VALIDATE_PRODUCT = YES;
				WATCHOS_DEPLOYMENT_TARGET = 11.5;
			};
			name = Release;
		};
		121858182E6FF0AB00088A62 /* Debug */ = {
			isa = XCBuildConfiguration;
			buildSettings = {
				CODE_SIGN_STYLE = Automatic;
				CURRENT_PROJECT_VERSION = 1;
				DEVELOPMENT_TEAM = KLA3GV43P7;
				GENERATE_INFOPLIST_FILE = YES;
				MARKETING_VERSION = 1.0;
				PRODUCT_BUNDLE_IDENTIFIER = "Artless.RuckTrackerTest-Watch-AppUITests";
				PRODUCT_NAME = "$(TARGET_NAME)";
				SDKROOT = watchos;
				SWIFT_EMIT_LOC_STRINGS = NO;
				SWIFT_VERSION = 5.0;
				TARGETED_DEVICE_FAMILY = 4;
				TEST_TARGET_NAME = "RuckTrackerTest Watch App";
				WATCHOS_DEPLOYMENT_TARGET = 11.5;
			};
			name = Debug;
		};
		121858192E6FF0AB00088A62 /* Release */ = {
			isa = XCBuildConfiguration;
			buildSettings = {
				CODE_SIGN_STYLE = Automatic;
				CURRENT_PROJECT_VERSION = 1;
				DEVELOPMENT_TEAM = KLA3GV43P7;
				GENERATE_INFOPLIST_FILE = YES;
				MARKETING_VERSION = 1.0;
				PRODUCT_BUNDLE_IDENTIFIER = "Artless.RuckTrackerTest-Watch-AppUITests";
				PRODUCT_NAME = "$(TARGET_NAME)";
				SDKROOT = watchos;
				SWIFT_EMIT_LOC_STRINGS = NO;
				SWIFT_VERSION = 5.0;
				TARGETED_DEVICE_FAMILY = 4;
				TEST_TARGET_NAME = "RuckTrackerTest Watch App";
				VALIDATE_PRODUCT = YES;
				WATCHOS_DEPLOYMENT_TARGET = 11.5;
			};
			name = Release;
		};
/* End XCBuildConfiguration section */

/* Begin XCConfigurationList section */
		121857282E6BE73C00088A62 /* Build configuration list for PBXProject "RuckTracker" */ = {
			isa = XCConfigurationList;
			buildConfigurations = (
				121857712E6BE74000088A62 /* Debug */,
				121857722E6BE74000088A62 /* Release */,
			);
			defaultConfigurationIsVisible = 0;
			defaultConfigurationName = Release;
		};
		121857732E6BE74000088A62 /* Build configuration list for PBXNativeTarget "RuckTracker Watch App" */ = {
			isa = XCConfigurationList;
			buildConfigurations = (
				121857742E6BE74000088A62 /* Debug */,
				121857752E6BE74000088A62 /* Release */,
			);
			defaultConfigurationIsVisible = 0;
			defaultConfigurationName = Release;
		};
		121857772E6BE74000088A62 /* Build configuration list for PBXNativeTarget "RuckTracker" */ = {
			isa = XCConfigurationList;
			buildConfigurations = (
				121857782E6BE74000088A62 /* Debug */,
				121857792E6BE74000088A62 /* Release */,
			);
			defaultConfigurationIsVisible = 0;
			defaultConfigurationName = Release;
		};
		1218577A2E6BE74000088A62 /* Build configuration list for PBXNativeTarget "RuckTrackerTests" */ = {
			isa = XCConfigurationList;
			buildConfigurations = (
				1218577B2E6BE74000088A62 /* Debug */,
				1218577C2E6BE74000088A62 /* Release */,
			);
			defaultConfigurationIsVisible = 0;
			defaultConfigurationName = Release;
		};
		1218577D2E6BE74000088A62 /* Build configuration list for PBXNativeTarget "RuckTrackerUITests" */ = {
			isa = XCConfigurationList;
			buildConfigurations = (
				1218577E2E6BE74000088A62 /* Debug */,
				1218577F2E6BE74000088A62 /* Release */,
			);
			defaultConfigurationIsVisible = 0;
			defaultConfigurationName = Release;
		};
		121857802E6BE74000088A62 /* Build configuration list for PBXNativeTarget "RuckTracker Watch AppTests" */ = {
			isa = XCConfigurationList;
			buildConfigurations = (
				121857812E6BE74000088A62 /* Debug */,
				121857822E6BE74000088A62 /* Release */,
			);
			defaultConfigurationIsVisible = 0;
			defaultConfigurationName = Release;
		};
		121857832E6BE74000088A62 /* Build configuration list for PBXNativeTarget "RuckTracker Watch AppUITests" */ = {
			isa = XCConfigurationList;
			buildConfigurations = (
				121857842E6BE74000088A62 /* Debug */,
				121857852E6BE74000088A62 /* Release */,
			);
			defaultConfigurationIsVisible = 0;
			defaultConfigurationName = Release;
		};
		121858072E6FF0AB00088A62 /* Build configuration list for PBXNativeTarget "RuckTrackerTest Watch App" */ = {
			isa = XCConfigurationList;
			buildConfigurations = (
				121858082E6FF0AB00088A62 /* Debug */,
				121858092E6FF0AB00088A62 /* Release */,
			);
			defaultConfigurationIsVisible = 0;
			defaultConfigurationName = Release;
		};
		1218580E2E6FF0AB00088A62 /* Build configuration list for PBXNativeTarget "RuckTrackerTestTests" */ = {
			isa = XCConfigurationList;
			buildConfigurations = (
				1218580F2E6FF0AB00088A62 /* Debug */,
				121858102E6FF0AB00088A62 /* Release */,
			);
			defaultConfigurationIsVisible = 0;
			defaultConfigurationName = Release;
		};
		121858112E6FF0AB00088A62 /* Build configuration list for PBXNativeTarget "RuckTrackerTestUITests" */ = {
			isa = XCConfigurationList;
			buildConfigurations = (
				121858122E6FF0AB00088A62 /* Debug */,
				121858132E6FF0AB00088A62 /* Release */,
			);
			defaultConfigurationIsVisible = 0;
			defaultConfigurationName = Release;
		};
		121858142E6FF0AB00088A62 /* Build configuration list for PBXNativeTarget "RuckTrackerTest Watch AppTests" */ = {
			isa = XCConfigurationList;
			buildConfigurations = (
				121858152E6FF0AB00088A62 /* Debug */,
				121858162E6FF0AB00088A62 /* Release */,
			);
			defaultConfigurationIsVisible = 0;
			defaultConfigurationName = Release;
		};
		121858172E6FF0AB00088A62 /* Build configuration list for PBXNativeTarget "RuckTrackerTest Watch AppUITests" */ = {
			isa = XCConfigurationList;
			buildConfigurations = (
				121858182E6FF0AB00088A62 /* Debug */,
				121858192E6FF0AB00088A62 /* Release */,
			);
			defaultConfigurationIsVisible = 0;
			defaultConfigurationName = Release;
		};
/* End XCConfigurationList section */
	};
	rootObject = 121857252E6BE73C00088A62 /* Project object */;
}
